
Microsoft Visual Studio Solution File, Format Version 12.00
# Visual Studio Version 17
VisualStudioVersion = 17.0.32014.148
MinimumVisualStudioVersion = 10.0.40219.1
Project("{FAE04EC0-301F-11D3-BF4B-00C04F79EFBC}") = "AlgorithamProblems", "AlgorithamProblems.csproj", "{598B8B5A-FD85-4CCF-B5E0-2F45C693EA22}"
EndProject
Global
	GlobalSection(SolutionConfigurationPlatforms) = preSolution
		Debug|Any CPU = Debug|Any CPU
		Release|Any CPU = Release|Any CPU
	EndGlobalSection
	GlobalSection(ProjectConfigurationPlatforms) = postSolution
		{598B8B5A-FD85-4CCF-B5E0-2F45C693EA22}.Debug|Any CPU.ActiveCfg = Debug|Any CPU
		{598B8B5A-FD85-4CCF-B5E0-2F45C693EA22}.Debug|Any CPU.Build.0 = Debug|Any CPU
		{598B8B5A-FD85-4CCF-B5E0-2F45C693EA22}.Release|Any CPU.ActiveCfg = Release|Any CPU
		{598B8B5A-FD85-4CCF-B5E0-2F45C693EA22}.Release|Any CPU.Build.0 = Release|Any CPU
	EndGlobalSection
	GlobalSection(SolutionProperties) = preSolution
		HideSolutionNode = FALSE
	EndGlobalSection
	GlobalSection(ExtensibilityGlobals) = postSolution
		SolutionGuid = {BFE84384-364C-418E-8EB5-CC5112DC807F}
	EndGlobalSection
EndGlobal
